
Microsoft Visual Studio Solution File, Format Version 12.00
# Visual Studio 15
VisualStudioVersion = 15.0.27130.2010
MinimumVisualStudioVersion = 10.0.40219.1
Project("{FAE04EC0-301F-11D3-BF4B-00C04F79EFBC}") = "UnityGradient", "UnityGradient\UnityGradient.csproj", "{97F1A13F-D1C7-4DF5-ABE1-DDDE9356D88D}"
EndProject
Global
	GlobalSection(SolutionConfigurationPlatforms) = preSolution
		Debug|Any CPU = Debug|Any CPU
		Release|Any CPU = Release|Any CPU
	EndGlobalSection
	GlobalSection(ProjectConfigurationPlatforms) = postSolution
		{97F1A13F-D1C7-4DF5-ABE1-DDDE9356D88D}.Debug|Any CPU.ActiveCfg = Debug|Any CPU
		{97F1A13F-D1C7-4DF5-ABE1-DDDE9356D88D}.Debug|Any CPU.Build.0 = Debug|Any CPU
		{97F1A13F-D1C7-4DF5-ABE1-DDDE9356D88D}.Release|Any CPU.ActiveCfg = Release|Any CPU
		{97F1A13F-D1C7-4DF5-ABE1-DDDE9356D88D}.Release|Any CPU.Build.0 = Release|Any CPU
	EndGlobalSection
	GlobalSection(SolutionProperties) = preSolution
		HideSolutionNode = FALSE
	EndGlobalSection
	GlobalSection(ExtensibilityGlobals) = postSolution
		SolutionGuid = {3F4B84EC-3DB8-4EB1-8BAC-467D14184CCE}
	EndGlobalSection
EndGlobal
